{
  "version": 4,
  "terraform_version": "1.12.2",
  "serial": 16,
  "lineage": "528c1d3a-e111-91f9-498b-4df3370b3954",
  "outputs": {
    "application_insights_app_id": {
      "value": "a881eb8f-4b26-48e7-aebd-05a236cb6752",
      "type": "string"
    },
    "application_insights_name": {
      "value": "hot-topics-insights",
      "type": "string"
    },
    "function_app_name": {
      "value": "hot-topics-func",
      "type": "string"
    },
    "key_vault_id": {
      "value": "/subscriptions/6b924609-f8c6-4bd2-a873-2b8f55596f67/resourceGroups/ai-content-staging-rg/providers/Microsoft.KeyVault/vaults/aicontentstagingkvv33ppo",
      "type": "string"
    },
    "key_vault_name": {
      "value": "aicontentstagingkvv33ppo",
      "type": "string"
    },
    "log_analytics_workspace_name": {
      "value": "ai-content-staging-logs",
      "type": "string"
    },
    "storage_account_name": {
      "value": "hottopicsstoragev33ppo",
      "type": "string"
    },
    "storage_container_name": {
      "value": "hot-topics",
      "type": "string"
    }
  },
  "resources": [
    {
      "mode": "data",
      "type": "azurerm_client_config",
      "name": "current",
      "provider": "provider[\"registry.terraform.io/hashicorp/azurerm\"]",
      "instances": [
        {
          "schema_version": 0,
          "attributes": {
            "client_id": "04b07795-8ddb-461a-bbee-02f9e1bf7b46",
            "id": "Y2xpZW50Q29uZmlncy9jbGllbnRJZD0wNGIwNzc5NS04ZGRiLTQ2MWEtYmJlZS0wMmY5ZTFiZjdiNDY7b2JqZWN0SWQ9ZTk2MDc3YTctODJlYy00YmUwLTg2ZDUtYWM4NWZkZWM2MzEyO3N1YnNjcmlwdGlvbklkPTZiOTI0NjA5LWY4YzYtNGJkMi1hODczLTJiOGY1NTU5NmY2Nzt0ZW5hbnRJZD1kMTc5MGQ3MC1jMDJjLTRlOGUtOTRlZS1lM2NjYmRiMTlkMTk=",
            "object_id": "e96077a7-82ec-4be0-86d5-ac85fdec6312",
            "subscription_id": "6b924609-f8c6-4bd2-a873-2b8f55596f67",
            "tenant_id": "d1790d70-c02c-4e8e-94ee-e3ccbdb19d19",
            "timeouts": null
          },
          "sensitive_attributes": [],
          "identity_schema_version": 0
        }
      ]
    },
    {
      "mode": "managed",
      "type": "azurerm_application_insights",
      "name": "main",
      "provider": "provider[\"registry.terraform.io/hashicorp/azurerm\"]",
      "instances": [
        {
          "schema_version": 2,
          "attributes": {
            "app_id": "a881eb8f-4b26-48e7-aebd-05a236cb6752",
            "application_type": "web",
            "connection_string": "InstrumentationKey=f7ee37cb-1aa0-4d5e-8f03-c0aeb2c6c14c;IngestionEndpoint=https://westeurope-5.in.applicationinsights.azure.com/;LiveEndpoint=https://westeurope.livediagnostics.monitor.azure.com/;ApplicationId=a881eb8f-4b26-48e7-aebd-05a236cb6752",
            "daily_data_cap_in_gb": 100,
            "daily_data_cap_notifications_disabled": false,
            "disable_ip_masking": false,
            "force_customer_storage_for_profiler": false,
            "id": "/subscriptions/6b924609-f8c6-4bd2-a873-2b8f55596f67/resourceGroups/ai-content-staging-rg/providers/Microsoft.Insights/components/hot-topics-insights",
            "instrumentation_key": "f7ee37cb-1aa0-4d5e-8f03-c0aeb2c6c14c",
            "internet_ingestion_enabled": true,
            "internet_query_enabled": true,
            "local_authentication_disabled": false,
            "location": "westeurope",
            "name": "hot-topics-insights",
            "resource_group_name": "ai-content-staging-rg",
            "retention_in_days": 90,
            "sampling_percentage": 100,
            "tags": null,
            "timeouts": null,
            "workspace_id": "/subscriptions/6b924609-f8c6-4bd2-a873-2b8f55596f67/resourceGroups/ai-content-staging-rg/providers/Microsoft.OperationalInsights/workspaces/ai-content-staging-logs"
          },
          "sensitive_attributes": [
            [
              {
                "type": "get_attr",
                "value": "connection_string"
              }
            ],
            [
              {
                "type": "get_attr",
                "value": "instrumentation_key"
              }
            ]
          ],
          "identity_schema_version": 0,
          "private": "eyJlMmJmYjczMC1lY2FhLTExZTYtOGY4OC0zNDM2M2JjN2M0YzAiOnsiY3JlYXRlIjozNjAwMDAwMDAwMDAwLCJkZWxldGUiOjE4MDAwMDAwMDAwMDAsInJlYWQiOjMwMDAwMDAwMDAwMCwidXBkYXRlIjoxODAwMDAwMDAwMDAwfSwic2NoZW1hX3ZlcnNpb24iOiIyIn0=",
          "dependencies": [
            "azurerm_log_analytics_workspace.main",
            "azurerm_resource_group.main"
          ]
        }
      ]
    },
    {
      "mode": "managed",
      "type": "azurerm_key_vault",
      "name": "main",
      "provider": "provider[\"registry.terraform.io/hashicorp/azurerm\"]",
      "instances": [
        {
          "schema_version": 2,
          "attributes": {
            "access_policy": [],
            "contact": [],
            "enable_rbac_authorization": false,
            "enabled_for_deployment": false,
            "enabled_for_disk_encryption": false,
            "enabled_for_template_deployment": false,
            "id": "/subscriptions/6b924609-f8c6-4bd2-a873-2b8f55596f67/resourceGroups/ai-content-staging-rg/providers/Microsoft.KeyVault/vaults/aicontentstagingkvv33ppo",
            "location": "westeurope",
            "name": "aicontentstagingkvv33ppo",
            "network_acls": [
              {
                "bypass": "AzureServices",
                "default_action": "Allow",
                "ip_rules": [],
                "virtual_network_subnet_ids": []
              }
            ],
            "public_network_access_enabled": true,
            "purge_protection_enabled": true,
            "resource_group_name": "ai-content-staging-rg",
            "sku_name": "standard",
            "soft_delete_retention_days": 7,
            "tags": {
              "Environment": "staging",
              "ManagedBy": "terraform",
              "Project": "ai-content-farm"
            },
            "tenant_id": "d1790d70-c02c-4e8e-94ee-e3ccbdb19d19",
            "timeouts": null,
            "vault_uri": "https://aicontentstagingkvv33ppo.vault.azure.net/"
          },
          "sensitive_attributes": [],
          "identity_schema_version": 0,
          "private": "eyJlMmJmYjczMC1lY2FhLTExZTYtOGY4OC0zNDM2M2JjN2M0YzAiOnsiY3JlYXRlIjoxODAwMDAwMDAwMDAwLCJkZWxldGUiOjE4MDAwMDAwMDAwMDAsInJlYWQiOjMwMDAwMDAwMDAwMCwidXBkYXRlIjoxODAwMDAwMDAwMDAwfSwic2NoZW1hX3ZlcnNpb24iOiIyIn0=",
          "dependencies": [
            "azurerm_log_analytics_workspace.main",
            "azurerm_resource_group.main",
            "data.azurerm_client_config.current",
            "random_string.suffix"
          ]
        }
      ]
    },
    {
      "mode": "managed",
      "type": "azurerm_key_vault_access_policy",
      "name": "current_user",
      "provider": "provider[\"registry.terraform.io/hashicorp/azurerm\"]",
      "instances": [
        {
          "schema_version": 0,
          "attributes": {
            "application_id": null,
            "certificate_permissions": null,
            "id": "/subscriptions/6b924609-f8c6-4bd2-a873-2b8f55596f67/resourceGroups/ai-content-staging-rg/providers/Microsoft.KeyVault/vaults/aicontentstagingkvv33ppo/objectId/e96077a7-82ec-4be0-86d5-ac85fdec6312",
            "key_permissions": null,
            "key_vault_id": "/subscriptions/6b924609-f8c6-4bd2-a873-2b8f55596f67/resourceGroups/ai-content-staging-rg/providers/Microsoft.KeyVault/vaults/aicontentstagingkvv33ppo",
            "object_id": "e96077a7-82ec-4be0-86d5-ac85fdec6312",
            "secret_permissions": [
              "Get",
              "List",
              "Set",
              "Delete",
              "Purge",
              "Recover"
            ],
            "storage_permissions": null,
            "tenant_id": "d1790d70-c02c-4e8e-94ee-e3ccbdb19d19",
            "timeouts": null
          },
          "sensitive_attributes": [],
          "identity_schema_version": 0,
          "private": "eyJlMmJmYjczMC1lY2FhLTExZTYtOGY4OC0zNDM2M2JjN2M0YzAiOnsiY3JlYXRlIjoxODAwMDAwMDAwMDAwLCJkZWxldGUiOjE4MDAwMDAwMDAwMDAsInJlYWQiOjMwMDAwMDAwMDAwMCwidXBkYXRlIjoxODAwMDAwMDAwMDAwfX0=",
          "dependencies": [
            "azurerm_key_vault.main",
            "azurerm_log_analytics_workspace.main",
            "azurerm_resource_group.main",
            "data.azurerm_client_config.current",
            "random_string.suffix"
          ]
        }
      ]
    },
    {
      "mode": "managed",
      "type": "azurerm_key_vault_secret",
      "name": "infracost_api_key",
      "provider": "provider[\"registry.terraform.io/hashicorp/azurerm\"]",
      "instances": [
        {
          "schema_version": 0,
          "attributes": {
            "content_type": "text/plain",
            "expiration_date": "2026-08-05T12:20:31Z",
            "id": "https://aicontentstagingkvv33ppo.vault.azure.net/secrets/infracost-api-key/843445f5aeeb475b91dda2e9166a0225",
            "key_vault_id": "/subscriptions/6b924609-f8c6-4bd2-a873-2b8f55596f67/resourceGroups/ai-content-staging-rg/providers/Microsoft.KeyVault/vaults/aicontentstagingkvv33ppo",
            "name": "infracost-api-key",
            "not_before_date": null,
            "resource_id": "/subscriptions/6b924609-f8c6-4bd2-a873-2b8f55596f67/resourceGroups/ai-content-staging-rg/providers/Microsoft.KeyVault/vaults/aicontentstagingkvv33ppo/secrets/infracost-api-key/versions/843445f5aeeb475b91dda2e9166a0225",
            "resource_versionless_id": "/subscriptions/6b924609-f8c6-4bd2-a873-2b8f55596f67/resourceGroups/ai-content-staging-rg/providers/Microsoft.KeyVault/vaults/aicontentstagingkvv33ppo/secrets/infracost-api-key",
            "tags": {
              "Environment": "staging",
              "Purpose": "cost-estimation"
            },
            "timeouts": null,
            "value": "placeholder-get-from-infracost-io",
            "value_wo": null,
            "value_wo_version": 0,
            "version": "843445f5aeeb475b91dda2e9166a0225",
            "versionless_id": "https://aicontentstagingkvv33ppo.vault.azure.net/secrets/infracost-api-key"
          },
          "sensitive_attributes": [
            [
              {
                "type": "get_attr",
                "value": "value"
              }
            ]
          ],
          "identity_schema_version": 0,
          "private": "eyJlMmJmYjczMC1lY2FhLTExZTYtOGY4OC0zNDM2M2JjN2M0YzAiOnsiY3JlYXRlIjoxODAwMDAwMDAwMDAwLCJkZWxldGUiOjE4MDAwMDAwMDAwMDAsInJlYWQiOjE4MDAwMDAwMDAwMDAsInVwZGF0ZSI6MTgwMDAwMDAwMDAwMH19",
          "dependencies": [
            "azurerm_key_vault.main",
            "azurerm_key_vault_access_policy.current_user",
            "azurerm_log_analytics_workspace.main",
            "azurerm_resource_group.main",
            "data.azurerm_client_config.current",
            "random_string.suffix"
          ]
        }
      ]
    },
    {
      "mode": "managed",
      "type": "azurerm_key_vault_secret",
      "name": "reddit_client_id",
      "provider": "provider[\"registry.terraform.io/hashicorp/azurerm\"]",
      "instances": [
        {
          "schema_version": 0,
          "attributes": {
            "content_type": "text/plain",
            "expiration_date": "2026-08-05T12:20:31Z",
            "id": "https://aicontentstagingkvv33ppo.vault.azure.net/secrets/reddit-client-id/65a15a34cb164be08e531e72376ab4f7",
            "key_vault_id": "/subscriptions/6b924609-f8c6-4bd2-a873-2b8f55596f67/resourceGroups/ai-content-staging-rg/providers/Microsoft.KeyVault/vaults/aicontentstagingkvv33ppo",
            "name": "reddit-client-id",
            "not_before_date": null,
            "resource_id": "/subscriptions/6b924609-f8c6-4bd2-a873-2b8f55596f67/resourceGroups/ai-content-staging-rg/providers/Microsoft.KeyVault/vaults/aicontentstagingkvv33ppo/secrets/reddit-client-id/versions/65a15a34cb164be08e531e72376ab4f7",
            "resource_versionless_id": "/subscriptions/6b924609-f8c6-4bd2-a873-2b8f55596f67/resourceGroups/ai-content-staging-rg/providers/Microsoft.KeyVault/vaults/aicontentstagingkvv33ppo/secrets/reddit-client-id",
            "tags": {
              "Environment": "staging",
              "Purpose": "reddit-api-access"
            },
            "timeouts": null,
            "value": "placeholder-change-me",
            "value_wo": null,
            "value_wo_version": 0,
            "version": "65a15a34cb164be08e531e72376ab4f7",
            "versionless_id": "https://aicontentstagingkvv33ppo.vault.azure.net/secrets/reddit-client-id"
          },
          "sensitive_attributes": [
            [
              {
                "type": "get_attr",
                "value": "value"
              }
            ]
          ],
          "identity_schema_version": 0,
          "private": "eyJlMmJmYjczMC1lY2FhLTExZTYtOGY4OC0zNDM2M2JjN2M0YzAiOnsiY3JlYXRlIjoxODAwMDAwMDAwMDAwLCJkZWxldGUiOjE4MDAwMDAwMDAwMDAsInJlYWQiOjE4MDAwMDAwMDAwMDAsInVwZGF0ZSI6MTgwMDAwMDAwMDAwMH19",
          "dependencies": [
            "azurerm_key_vault.main",
            "azurerm_key_vault_access_policy.current_user",
            "azurerm_log_analytics_workspace.main",
            "azurerm_resource_group.main",
            "data.azurerm_client_config.current",
            "random_string.suffix"
          ]
        }
      ]
    },
    {
      "mode": "managed",
      "type": "azurerm_key_vault_secret",
      "name": "reddit_client_secret",
      "provider": "provider[\"registry.terraform.io/hashicorp/azurerm\"]",
      "instances": [
        {
          "schema_version": 0,
          "attributes": {
            "content_type": "text/plain",
            "expiration_date": "2026-08-05T12:20:31Z",
            "id": "https://aicontentstagingkvv33ppo.vault.azure.net/secrets/reddit-client-secret/432a4a3a7ef24b45b9c5b79e0436dc82",
            "key_vault_id": "/subscriptions/6b924609-f8c6-4bd2-a873-2b8f55596f67/resourceGroups/ai-content-staging-rg/providers/Microsoft.KeyVault/vaults/aicontentstagingkvv33ppo",
            "name": "reddit-client-secret",
            "not_before_date": null,
            "resource_id": "/subscriptions/6b924609-f8c6-4bd2-a873-2b8f55596f67/resourceGroups/ai-content-staging-rg/providers/Microsoft.KeyVault/vaults/aicontentstagingkvv33ppo/secrets/reddit-client-secret/versions/432a4a3a7ef24b45b9c5b79e0436dc82",
            "resource_versionless_id": "/subscriptions/6b924609-f8c6-4bd2-a873-2b8f55596f67/resourceGroups/ai-content-staging-rg/providers/Microsoft.KeyVault/vaults/aicontentstagingkvv33ppo/secrets/reddit-client-secret",
            "tags": {
              "Environment": "staging",
              "Purpose": "reddit-api-access"
            },
            "timeouts": null,
            "value": "placeholder-change-me",
            "value_wo": null,
            "value_wo_version": 0,
            "version": "432a4a3a7ef24b45b9c5b79e0436dc82",
            "versionless_id": "https://aicontentstagingkvv33ppo.vault.azure.net/secrets/reddit-client-secret"
          },
          "sensitive_attributes": [
            [
              {
                "type": "get_attr",
                "value": "value"
              }
            ]
          ],
          "identity_schema_version": 0,
          "private": "eyJlMmJmYjczMC1lY2FhLTExZTYtOGY4OC0zNDM2M2JjN2M0YzAiOnsiY3JlYXRlIjoxODAwMDAwMDAwMDAwLCJkZWxldGUiOjE4MDAwMDAwMDAwMDAsInJlYWQiOjE4MDAwMDAwMDAwMDAsInVwZGF0ZSI6MTgwMDAwMDAwMDAwMH19",
          "dependencies": [
            "azurerm_key_vault.main",
            "azurerm_key_vault_access_policy.current_user",
            "azurerm_log_analytics_workspace.main",
            "azurerm_resource_group.main",
            "data.azurerm_client_config.current",
            "random_string.suffix"
          ]
        }
      ]
    },
    {
      "mode": "managed",
      "type": "azurerm_key_vault_secret",
      "name": "reddit_user_agent",
      "provider": "provider[\"registry.terraform.io/hashicorp/azurerm\"]",
      "instances": [
        {
          "schema_version": 0,
          "attributes": {
            "content_type": "text/plain",
            "expiration_date": "2026-08-05T12:20:31Z",
            "id": "https://aicontentstagingkvv33ppo.vault.azure.net/secrets/reddit-user-agent/873367d2332f470691cc7358defbad35",
            "key_vault_id": "/subscriptions/6b924609-f8c6-4bd2-a873-2b8f55596f67/resourceGroups/ai-content-staging-rg/providers/Microsoft.KeyVault/vaults/aicontentstagingkvv33ppo",
            "name": "reddit-user-agent",
            "not_before_date": null,
            "resource_id": "/subscriptions/6b924609-f8c6-4bd2-a873-2b8f55596f67/resourceGroups/ai-content-staging-rg/providers/Microsoft.KeyVault/vaults/aicontentstagingkvv33ppo/secrets/reddit-user-agent/versions/873367d2332f470691cc7358defbad35",
            "resource_versionless_id": "/subscriptions/6b924609-f8c6-4bd2-a873-2b8f55596f67/resourceGroups/ai-content-staging-rg/providers/Microsoft.KeyVault/vaults/aicontentstagingkvv33ppo/secrets/reddit-user-agent",
            "tags": {
              "Environment": "staging",
              "Purpose": "reddit-api-access"
            },
            "timeouts": null,
            "value": "ai-content-farm:v1.0-staging (by /u/your-username)",
            "value_wo": null,
            "value_wo_version": 0,
            "version": "873367d2332f470691cc7358defbad35",
            "versionless_id": "https://aicontentstagingkvv33ppo.vault.azure.net/secrets/reddit-user-agent"
          },
          "sensitive_attributes": [
            [
              {
                "type": "get_attr",
                "value": "value"
              }
            ]
          ],
          "identity_schema_version": 0,
          "private": "eyJlMmJmYjczMC1lY2FhLTExZTYtOGY4OC0zNDM2M2JjN2M0YzAiOnsiY3JlYXRlIjoxODAwMDAwMDAwMDAwLCJkZWxldGUiOjE4MDAwMDAwMDAwMDAsInJlYWQiOjE4MDAwMDAwMDAwMDAsInVwZGF0ZSI6MTgwMDAwMDAwMDAwMH19",
          "dependencies": [
            "azurerm_key_vault.main",
            "azurerm_key_vault_access_policy.current_user",
            "azurerm_log_analytics_workspace.main",
            "azurerm_resource_group.main",
            "data.azurerm_client_config.current",
            "random_string.suffix"
          ]
        }
      ]
    },
    {
      "mode": "managed",
      "type": "azurerm_log_analytics_workspace",
      "name": "main",
      "provider": "provider[\"registry.terraform.io/hashicorp/azurerm\"]",
      "instances": [
        {
          "schema_version": 3,
          "attributes": {
            "allow_resource_only_permissions": true,
            "cmk_for_query_forced": false,
            "daily_quota_gb": -1,
            "data_collection_rule_id": "",
            "id": "/subscriptions/6b924609-f8c6-4bd2-a873-2b8f55596f67/resourceGroups/ai-content-staging-rg/providers/Microsoft.OperationalInsights/workspaces/ai-content-staging-logs",
            "identity": [],
            "immediate_data_purge_on_30_days_enabled": false,
            "internet_ingestion_enabled": true,
            "internet_query_enabled": true,
            "local_authentication_disabled": true,
            "local_authentication_enabled": false,
            "location": "westeurope",
            "name": "ai-content-staging-logs",
            "primary_shared_key": "DCP41bOIwpq3ubVSXhFHH4laa4dgDVNy8N8/UPe0SINXl0La1ziTbu1bXuqsAvpd5zVg8a8l5NXj9jWf37+ObQ==",
            "reservation_capacity_in_gb_per_day": null,
            "resource_group_name": "ai-content-staging-rg",
            "retention_in_days": 30,
            "secondary_shared_key": "spfPJ6gHtOjXbV7QEjUxW3qJCMzeck+N89aSf+vbbsW3xN8jjFYuEVic6evyXstE/viiTue0mJP6lutq+ImOYQ==",
            "sku": "PerGB2018",
            "tags": null,
            "timeouts": null,
            "workspace_id": "fea4e172-c5a5-4812-9a52-36eba1320015"
          },
          "sensitive_attributes": [
            [
              {
                "type": "get_attr",
                "value": "primary_shared_key"
              }
            ],
            [
              {
                "type": "get_attr",
                "value": "secondary_shared_key"
              }
            ]
          ],
          "identity_schema_version": 0,
          "private": "eyJlMmJmYjczMC1lY2FhLTExZTYtOGY4OC0zNDM2M2JjN2M0YzAiOnsiY3JlYXRlIjoxODAwMDAwMDAwMDAwLCJkZWxldGUiOjE4MDAwMDAwMDAwMDAsInJlYWQiOjMwMDAwMDAwMDAwMCwidXBkYXRlIjoxODAwMDAwMDAwMDAwfSwic2NoZW1hX3ZlcnNpb24iOiIzIn0=",
          "dependencies": [
            "azurerm_resource_group.main"
          ]
        }
      ]
    },
    {
      "mode": "managed",
      "type": "azurerm_monitor_diagnostic_setting",
      "name": "key_vault",
      "provider": "provider[\"registry.terraform.io/hashicorp/azurerm\"]",
      "instances": [
        {
          "schema_version": 0,
          "attributes": {
            "enabled_log": [
              {
                "category": "AuditEvent",
                "category_group": "",
                "retention_policy": []
              },
              {
                "category": "AzurePolicyEvaluationDetails",
                "category_group": "",
                "retention_policy": []
              }
            ],
            "enabled_metric": [
              {
                "category": "AllMetrics"
              }
            ],
            "eventhub_authorization_rule_id": "",
            "eventhub_name": "",
            "id": "/subscriptions/6b924609-f8c6-4bd2-a873-2b8f55596f67/resourceGroups/ai-content-staging-rg/providers/Microsoft.KeyVault/vaults/aicontentstagingkvv33ppo|key-vault-diagnostics",
            "log_analytics_destination_type": "AzureDiagnostics",
            "log_analytics_workspace_id": "/subscriptions/6b924609-f8c6-4bd2-a873-2b8f55596f67/resourceGroups/ai-content-staging-rg/providers/Microsoft.OperationalInsights/workspaces/ai-content-staging-logs",
            "metric": [
              {
                "category": "AllMetrics",
                "enabled": true,
                "retention_policy": [
                  {
                    "days": 0,
                    "enabled": false
                  }
                ]
              }
            ],
            "name": "key-vault-diagnostics",
            "partner_solution_id": null,
            "storage_account_id": null,
            "target_resource_id": "/subscriptions/6b924609-f8c6-4bd2-a873-2b8f55596f67/resourceGroups/ai-content-staging-rg/providers/Microsoft.KeyVault/vaults/aicontentstagingkvv33ppo",
            "timeouts": null
          },
          "sensitive_attributes": [],
          "identity_schema_version": 0,
          "private": "eyJlMmJmYjczMC1lY2FhLTExZTYtOGY4OC0zNDM2M2JjN2M0YzAiOnsiY3JlYXRlIjoxODAwMDAwMDAwMDAwLCJkZWxldGUiOjM2MDAwMDAwMDAwMDAsInJlYWQiOjMwMDAwMDAwMDAwMCwidXBkYXRlIjoxODAwMDAwMDAwMDAwfX0=",
          "dependencies": [
            "azurerm_key_vault.main",
            "azurerm_log_analytics_workspace.main",
            "azurerm_resource_group.main",
            "data.azurerm_client_config.current",
            "random_string.suffix"
          ]
        }
      ]
    },
    {
      "mode": "managed",
      "type": "azurerm_resource_group",
      "name": "main",
      "provider": "provider[\"registry.terraform.io/hashicorp/azurerm\"]",
      "instances": [
        {
          "schema_version": 0,
          "attributes": {
            "id": "/subscriptions/6b924609-f8c6-4bd2-a873-2b8f55596f67/resourceGroups/ai-content-staging-rg",
            "location": "westeurope",
            "managed_by": "",
            "name": "ai-content-staging-rg",
            "tags": {
              "Environment": "staging",
              "ManagedBy": "terraform",
              "Project": "ai-content-farm"
            },
            "timeouts": null
          },
          "sensitive_attributes": [],
          "identity_schema_version": 0,
          "private": "eyJlMmJmYjczMC1lY2FhLTExZTYtOGY4OC0zNDM2M2JjN2M0YzAiOnsiY3JlYXRlIjo1NDAwMDAwMDAwMDAwLCJkZWxldGUiOjU0MDAwMDAwMDAwMDAsInJlYWQiOjMwMDAwMDAwMDAwMCwidXBkYXRlIjo1NDAwMDAwMDAwMDAwfX0="
        }
      ]
    },
    {
      "mode": "managed",
      "type": "azurerm_service_plan",
      "name": "main",
      "provider": "provider[\"registry.terraform.io/hashicorp/azurerm\"]",
      "instances": [
        {
          "schema_version": 1,
          "attributes": {
            "app_service_environment_id": "",
            "id": "/subscriptions/6b924609-f8c6-4bd2-a873-2b8f55596f67/resourceGroups/ai-content-staging-rg/providers/Microsoft.Web/serverFarms/hot-topics-plan",
            "kind": "functionapp",
            "location": "westeurope",
            "maximum_elastic_worker_count": 1,
            "name": "hot-topics-plan",
            "os_type": "Linux",
            "per_site_scaling_enabled": false,
            "premium_plan_auto_scale_enabled": false,
            "reserved": true,
            "resource_group_name": "ai-content-staging-rg",
            "sku_name": "Y1",
            "tags": null,
            "timeouts": null,
            "worker_count": 0,
            "zone_balancing_enabled": false
          },
          "sensitive_attributes": [],
          "identity_schema_version": 0,
          "private": "eyJlMmJmYjczMC1lY2FhLTExZTYtOGY4OC0zNDM2M2JjN2M0YzAiOnsiY3JlYXRlIjozNjAwMDAwMDAwMDAwLCJkZWxldGUiOjM2MDAwMDAwMDAwMDAsInJlYWQiOjMwMDAwMDAwMDAwMCwidXBkYXRlIjozNjAwMDAwMDAwMDAwfSwic2NoZW1hX3ZlcnNpb24iOiIxIn0=",
          "dependencies": [
            "azurerm_resource_group.main"
          ]
        }
      ]
    },
    {
      "mode": "managed",
      "type": "azurerm_storage_account",
      "name": "main",
      "provider": "provider[\"registry.terraform.io/hashicorp/azurerm\"]",
      "instances": [
        {
          "schema_version": 4,
          "attributes": {
            "access_tier": "Hot",
            "account_kind": "StorageV2",
            "account_replication_type": "LRS",
            "account_tier": "Standard",
            "allow_nested_items_to_be_public": false,
            "allowed_copy_scope": "",
            "azure_files_authentication": [],
            "blob_properties": [
              {
                "change_feed_enabled": false,
                "change_feed_retention_in_days": 0,
                "container_delete_retention_policy": [],
                "cors_rule": [],
                "default_service_version": "",
                "delete_retention_policy": [],
                "last_access_time_enabled": false,
                "restore_policy": [],
                "versioning_enabled": false
              }
            ],
            "cross_tenant_replication_enabled": false,
            "custom_domain": [],
            "customer_managed_key": [],
            "default_to_oauth_authentication": false,
            "dns_endpoint_type": "Standard",
            "edge_zone": "",
            "https_traffic_only_enabled": true,
            "id": "/subscriptions/6b924609-f8c6-4bd2-a873-2b8f55596f67/resourceGroups/ai-content-staging-rg/providers/Microsoft.Storage/storageAccounts/hottopicsstoragev33ppo",
            "identity": [],
            "immutability_policy": [],
            "infrastructure_encryption_enabled": false,
            "is_hns_enabled": false,
            "large_file_share_enabled": false,
            "local_user_enabled": true,
            "location": "westeurope",
            "min_tls_version": "TLS1_2",
            "name": "hottopicsstoragev33ppo",
            "network_rules": [],
            "nfsv3_enabled": false,
            "primary_access_key": "mhtuvJmA4OT065DWyJfAFUiIX5pUFZoFMoqSpS4gxjjrPFAbyMgtKMifapVJCkD7lojbBs1ktw2p+ASt2iJv8w==",
            "primary_blob_connection_string": "DefaultEndpointsProtocol=https;BlobEndpoint=https://hottopicsstoragev33ppo.blob.core.windows.net/;AccountName=hottopicsstoragev33ppo;AccountKey=mhtuvJmA4OT065DWyJfAFUiIX5pUFZoFMoqSpS4gxjjrPFAbyMgtKMifapVJCkD7lojbBs1ktw2p+ASt2iJv8w==",
            "primary_blob_endpoint": "https://hottopicsstoragev33ppo.blob.core.windows.net/",
            "primary_blob_host": "hottopicsstoragev33ppo.blob.core.windows.net",
            "primary_blob_internet_endpoint": "",
            "primary_blob_internet_host": "",
            "primary_blob_microsoft_endpoint": "",
            "primary_blob_microsoft_host": "",
            "primary_connection_string": "DefaultEndpointsProtocol=https;AccountName=hottopicsstoragev33ppo;AccountKey=mhtuvJmA4OT065DWyJfAFUiIX5pUFZoFMoqSpS4gxjjrPFAbyMgtKMifapVJCkD7lojbBs1ktw2p+ASt2iJv8w==;EndpointSuffix=core.windows.net",
            "primary_dfs_endpoint": "https://hottopicsstoragev33ppo.dfs.core.windows.net/",
            "primary_dfs_host": "hottopicsstoragev33ppo.dfs.core.windows.net",
            "primary_dfs_internet_endpoint": "",
            "primary_dfs_internet_host": "",
            "primary_dfs_microsoft_endpoint": "",
            "primary_dfs_microsoft_host": "",
            "primary_file_endpoint": "https://hottopicsstoragev33ppo.file.core.windows.net/",
            "primary_file_host": "hottopicsstoragev33ppo.file.core.windows.net",
            "primary_file_internet_endpoint": "",
            "primary_file_internet_host": "",
            "primary_file_microsoft_endpoint": "",
            "primary_file_microsoft_host": "",
            "primary_location": "westeurope",
            "primary_queue_endpoint": "https://hottopicsstoragev33ppo.queue.core.windows.net/",
            "primary_queue_host": "hottopicsstoragev33ppo.queue.core.windows.net",
            "primary_queue_microsoft_endpoint": "",
            "primary_queue_microsoft_host": "",
            "primary_table_endpoint": "https://hottopicsstoragev33ppo.table.core.windows.net/",
            "primary_table_host": "hottopicsstoragev33ppo.table.core.windows.net",
            "primary_table_microsoft_endpoint": "",
            "primary_table_microsoft_host": "",
            "primary_web_endpoint": "https://hottopicsstoragev33ppo.z6.web.core.windows.net/",
            "primary_web_host": "hottopicsstoragev33ppo.z6.web.core.windows.net",
            "primary_web_internet_endpoint": "",
            "primary_web_internet_host": "",
            "primary_web_microsoft_endpoint": "",
            "primary_web_microsoft_host": "",
            "provisioned_billing_model_version": "",
            "public_network_access_enabled": true,
            "queue_encryption_key_type": "Service",
            "queue_properties": [
              {
                "cors_rule": [],
                "hour_metrics": [
                  {
                    "enabled": false,
                    "include_apis": false,
                    "retention_policy_days": 0,
                    "version": "1.0"
                  }
                ],
                "logging": [
                  {
                    "delete": false,
                    "read": false,
                    "retention_policy_days": 0,
                    "version": "1.0",
                    "write": false
                  }
                ],
                "minute_metrics": [
                  {
                    "enabled": false,
                    "include_apis": false,
                    "retention_policy_days": 0,
                    "version": "1.0"
                  }
                ]
              }
            ],
            "resource_group_name": "ai-content-staging-rg",
            "routing": [],
            "sas_policy": [],
            "secondary_access_key": "E9O3wcIMlzfNbY+OVFIo7DHXWSe0F0oaIHKo+TOnLu73V8xXN4R77D/FozbENthpQ0q6alR7oH1M+AStsNFpZw==",
            "secondary_blob_connection_string": "",
            "secondary_blob_endpoint": "",
            "secondary_blob_host": "",
            "secondary_blob_internet_endpoint": "",
            "secondary_blob_internet_host": "",
            "secondary_blob_microsoft_endpoint": "",
            "secondary_blob_microsoft_host": "",
            "secondary_connection_string": "DefaultEndpointsProtocol=https;AccountName=hottopicsstoragev33ppo;AccountKey=E9O3wcIMlzfNbY+OVFIo7DHXWSe0F0oaIHKo+TOnLu73V8xXN4R77D/FozbENthpQ0q6alR7oH1M+AStsNFpZw==;EndpointSuffix=core.windows.net",
            "secondary_dfs_endpoint": "",
            "secondary_dfs_host": "",
            "secondary_dfs_internet_endpoint": "",
            "secondary_dfs_internet_host": "",
            "secondary_dfs_microsoft_endpoint": "",
            "secondary_dfs_microsoft_host": "",
            "secondary_file_endpoint": "",
            "secondary_file_host": "",
            "secondary_file_internet_endpoint": "",
            "secondary_file_internet_host": "",
            "secondary_file_microsoft_endpoint": "",
            "secondary_file_microsoft_host": "",
            "secondary_location": "",
            "secondary_queue_endpoint": "",
            "secondary_queue_host": "",
            "secondary_queue_microsoft_endpoint": "",
            "secondary_queue_microsoft_host": "",
            "secondary_table_endpoint": "",
            "secondary_table_host": "",
            "secondary_table_microsoft_endpoint": "",
            "secondary_table_microsoft_host": "",
            "secondary_web_endpoint": "",
            "secondary_web_host": "",
            "secondary_web_internet_endpoint": "",
            "secondary_web_internet_host": "",
            "secondary_web_microsoft_endpoint": "",
            "secondary_web_microsoft_host": "",
            "sftp_enabled": false,
            "share_properties": [
              {
                "cors_rule": [],
                "retention_policy": [
                  {
                    "days": 7
                  }
                ],
                "smb": []
              }
            ],
            "shared_access_key_enabled": true,
            "static_website": [],
            "table_encryption_key_type": "Service",
            "tags": null,
            "timeouts": null
          },
          "sensitive_attributes": [
            [
              {
                "type": "get_attr",
                "value": "primary_access_key"
              }
            ],
            [
              {
                "type": "get_attr",
                "value": "primary_blob_connection_string"
              }
            ],
            [
              {
                "type": "get_attr",
                "value": "primary_connection_string"
              }
            ],
            [
              {
                "type": "get_attr",
                "value": "secondary_access_key"
              }
            ],
            [
              {
                "type": "get_attr",
                "value": "secondary_blob_connection_string"
              }
            ],
            [
              {
                "type": "get_attr",
                "value": "secondary_connection_string"
              }
            ]
          ],
          "identity_schema_version": 0,
          "identity": {
            "name": "hottopicsstoragev33ppo",
            "resource_group_name": "ai-content-staging-rg",
            "subscription_id": "6b924609-f8c6-4bd2-a873-2b8f55596f67"
          },
          "private": "eyJlMmJmYjczMC1lY2FhLTExZTYtOGY4OC0zNDM2M2JjN2M0YzAiOnsiY3JlYXRlIjozNjAwMDAwMDAwMDAwLCJkZWxldGUiOjM2MDAwMDAwMDAwMDAsInJlYWQiOjMwMDAwMDAwMDAwMCwidXBkYXRlIjozNjAwMDAwMDAwMDAwfSwic2NoZW1hX3ZlcnNpb24iOiI0In0=",
          "dependencies": [
            "azurerm_resource_group.main",
            "random_string.suffix"
          ]
        }
      ]
    },
    {
      "mode": "managed",
      "type": "azurerm_storage_container",
      "name": "topics",
      "provider": "provider[\"registry.terraform.io/hashicorp/azurerm\"]",
      "instances": [
        {
          "schema_version": 1,
          "attributes": {
            "container_access_type": "private",
            "default_encryption_scope": "$account-encryption-key",
            "encryption_scope_override_enabled": true,
            "has_immutability_policy": false,
            "has_legal_hold": false,
            "id": "/subscriptions/6b924609-f8c6-4bd2-a873-2b8f55596f67/resourceGroups/ai-content-staging-rg/providers/Microsoft.Storage/storageAccounts/hottopicsstoragev33ppo/blobServices/default/containers/hot-topics",
            "metadata": {},
            "name": "hot-topics",
            "resource_manager_id": "/subscriptions/6b924609-f8c6-4bd2-a873-2b8f55596f67/resourceGroups/ai-content-staging-rg/providers/Microsoft.Storage/storageAccounts/hottopicsstoragev33ppo/blobServices/default/containers/hot-topics",
            "storage_account_id": "/subscriptions/6b924609-f8c6-4bd2-a873-2b8f55596f67/resourceGroups/ai-content-staging-rg/providers/Microsoft.Storage/storageAccounts/hottopicsstoragev33ppo",
            "storage_account_name": "",
            "timeouts": null
          },
          "sensitive_attributes": [],
          "identity_schema_version": 0,
          "private": "eyJlMmJmYjczMC1lY2FhLTExZTYtOGY4OC0zNDM2M2JjN2M0YzAiOnsiY3JlYXRlIjoxODAwMDAwMDAwMDAwLCJkZWxldGUiOjE4MDAwMDAwMDAwMDAsInJlYWQiOjMwMDAwMDAwMDAwMCwidXBkYXRlIjoxODAwMDAwMDAwMDAwfSwic2NoZW1hX3ZlcnNpb24iOiIxIn0=",
          "dependencies": [
            "azurerm_resource_group.main",
            "azurerm_storage_account.main",
            "random_string.suffix"
          ]
        }
      ]
    },
    {
      "mode": "managed",
      "type": "random_string",
      "name": "suffix",
      "provider": "provider[\"registry.terraform.io/hashicorp/random\"]",
      "instances": [
        {
          "schema_version": 2,
          "attributes": {
            "id": "v33ppo",
            "keepers": null,
            "length": 6,
            "lower": true,
            "min_lower": 0,
            "min_numeric": 0,
            "min_special": 0,
            "min_upper": 0,
            "number": true,
            "numeric": true,
            "override_special": null,
            "result": "v33ppo",
            "special": false,
            "upper": false
          },
          "sensitive_attributes": [],
          "identity_schema_version": 0
        }
      ]
    }
  ],
  "check_results": [
    {
      "object_kind": "var",
      "config_addr": "var.environment",
      "status": "pass",
      "objects": [
        {
          "object_addr": "var.environment",
          "status": "pass"
        }
      ]
    }
  ]
}
